
Microsoft Visual Studio Solution File, Format Version 12.00
# Visual Studio Version 17
VisualStudioVersion = 17.6.33829.357
MinimumVisualStudioVersion = 10.0.40219.1
Project("{FAE04EC0-301F-11D3-BF4B-00C04F79EFBC}") = "Traceablility01", "Traceablility01\Traceablility01.csproj", "{31B660B4-2745-452B-B486-23C38599D3F9}"
EndProject
Global
	GlobalSection(SolutionConfigurationPlatforms) = preSolution
		Debug|Any CPU = Debug|Any CPU
		Release|Any CPU = Release|Any CPU
	EndGlobalSection
	GlobalSection(ProjectConfigurationPlatforms) = postSolution
		{31B660B4-2745-452B-B486-23C38599D3F9}.Debug|Any CPU.ActiveCfg = Debug|Any CPU
		{31B660B4-2745-452B-B486-23C38599D3F9}.Debug|Any CPU.Build.0 = Debug|Any CPU
		{31B660B4-2745-452B-B486-23C38599D3F9}.Release|Any CPU.ActiveCfg = Release|Any CPU
		{31B660B4-2745-452B-B486-23C38599D3F9}.Release|Any CPU.Build.0 = Release|Any CPU
	EndGlobalSection
	GlobalSection(SolutionProperties) = preSolution
		HideSolutionNode = FALSE
	EndGlobalSection
	GlobalSection(ExtensibilityGlobals) = postSolution
		SolutionGuid = {D0AE5B46-FD76-487E-A633-4A67C62A5D07}
	EndGlobalSection
EndGlobal
